
Microsoft Visual Studio Solution File, Format Version 12.00
# Visual Studio Version 17
VisualStudioVersion = 17.11.35327.3
MinimumVisualStudioVersion = 10.0.40219.1
Project("{9A19103F-16F7-4668-BE54-9A1E7A4F7556}") = "API", "API\API.csproj", "{1891FC3E-8B17-48A4-88FF-0E7AAAC1E76E}"
EndProject
Project("{9A19103F-16F7-4668-BE54-9A1E7A4F7556}") = "Domain", "Domain\Domain.csproj", "{59F87E14-51CD-42B7-9E1B-246787ADBE1F}"
EndProject
Project("{9A19103F-16F7-4668-BE54-9A1E7A4F7556}") = "Application", "Application\Application.csproj", "{3C5E1E67-4CEF-41FF-B937-46AD796609C1}"
EndProject
Project("{9A19103F-16F7-4668-BE54-9A1E7A4F7556}") = "Persistence", "Persistence\Persistence.csproj", "{DC11EE57-BB21-44C7-A6D5-C6DFBAC31B23}"
EndProject
Project("{FAE04EC0-301F-11D3-BF4B-00C04F79EFBC}") = "Tests", "Tests\Tests.csproj", "{9CC03CCE-DA5B-44E2-B58A-952A57341FDE}"
EndProject
Global
	GlobalSection(SolutionConfigurationPlatforms) = preSolution
		Debug|Any CPU = Debug|Any CPU
		Release|Any CPU = Release|Any CPU
	EndGlobalSection
	GlobalSection(ProjectConfigurationPlatforms) = postSolution
		{1891FC3E-8B17-48A4-88FF-0E7AAAC1E76E}.Debug|Any CPU.ActiveCfg = Debug|Any CPU
		{1891FC3E-8B17-48A4-88FF-0E7AAAC1E76E}.Debug|Any CPU.Build.0 = Debug|Any CPU
		{1891FC3E-8B17-48A4-88FF-0E7AAAC1E76E}.Release|Any CPU.ActiveCfg = Release|Any CPU
		{1891FC3E-8B17-48A4-88FF-0E7AAAC1E76E}.Release|Any CPU.Build.0 = Release|Any CPU
		{59F87E14-51CD-42B7-9E1B-246787ADBE1F}.Debug|Any CPU.ActiveCfg = Debug|Any CPU
		{59F87E14-51CD-42B7-9E1B-246787ADBE1F}.Debug|Any CPU.Build.0 = Debug|Any CPU
		{59F87E14-51CD-42B7-9E1B-246787ADBE1F}.Release|Any CPU.ActiveCfg = Release|Any CPU
		{59F87E14-51CD-42B7-9E1B-246787ADBE1F}.Release|Any CPU.Build.0 = Release|Any CPU
		{3C5E1E67-4CEF-41FF-B937-46AD796609C1}.Debug|Any CPU.ActiveCfg = Debug|Any CPU
		{3C5E1E67-4CEF-41FF-B937-46AD796609C1}.Debug|Any CPU.Build.0 = Debug|Any CPU
		{3C5E1E67-4CEF-41FF-B937-46AD796609C1}.Release|Any CPU.ActiveCfg = Release|Any CPU
		{3C5E1E67-4CEF-41FF-B937-46AD796609C1}.Release|Any CPU.Build.0 = Release|Any CPU
		{DC11EE57-BB21-44C7-A6D5-C6DFBAC31B23}.Debug|Any CPU.ActiveCfg = Debug|Any CPU
		{DC11EE57-BB21-44C7-A6D5-C6DFBAC31B23}.Debug|Any CPU.Build.0 = Debug|Any CPU
		{DC11EE57-BB21-44C7-A6D5-C6DFBAC31B23}.Release|Any CPU.ActiveCfg = Release|Any CPU
		{DC11EE57-BB21-44C7-A6D5-C6DFBAC31B23}.Release|Any CPU.Build.0 = Release|Any CPU
		{9CC03CCE-DA5B-44E2-B58A-952A57341FDE}.Debug|Any CPU.ActiveCfg = Debug|Any CPU
		{9CC03CCE-DA5B-44E2-B58A-952A57341FDE}.Debug|Any CPU.Build.0 = Debug|Any CPU
		{9CC03CCE-DA5B-44E2-B58A-952A57341FDE}.Release|Any CPU.ActiveCfg = Release|Any CPU
		{9CC03CCE-DA5B-44E2-B58A-952A57341FDE}.Release|Any CPU.Build.0 = Release|Any CPU
	EndGlobalSection
	GlobalSection(SolutionProperties) = preSolution
		HideSolutionNode = FALSE
	EndGlobalSection
	GlobalSection(ExtensibilityGlobals) = postSolution
		SolutionGuid = {E03740CF-0C09-43C7-99DD-D217C566A395}
	EndGlobalSection
EndGlobal
